
Microsoft Visual Studio Solution File, Format Version 12.00
# Visual Studio Version 16
VisualStudioVersion = 16.0.31702.278
MinimumVisualStudioVersion = 10.0.40219.1
Project("{FAE04EC0-301F-11D3-BF4B-00C04F79EFBC}") = "OOPLosovani", "OOPLosovani\OOPLosovani.csproj", "{7BA19D19-CCC4-4454-B7D0-19F81581C303}"
EndProject
Global
	GlobalSection(SolutionConfigurationPlatforms) = preSolution
		Debug|Any CPU = Debug|Any CPU
		Release|Any CPU = Release|Any CPU
	EndGlobalSection
	GlobalSection(ProjectConfigurationPlatforms) = postSolution
		{7BA19D19-CCC4-4454-B7D0-19F81581C303}.Debug|Any CPU.ActiveCfg = Debug|Any CPU
		{7BA19D19-CCC4-4454-B7D0-19F81581C303}.Debug|Any CPU.Build.0 = Debug|Any CPU
		{7BA19D19-CCC4-4454-B7D0-19F81581C303}.Release|Any CPU.ActiveCfg = Release|Any CPU
		{7BA19D19-CCC4-4454-B7D0-19F81581C303}.Release|Any CPU.Build.0 = Release|Any CPU
	EndGlobalSection
	GlobalSection(SolutionProperties) = preSolution
		HideSolutionNode = FALSE
	EndGlobalSection
	GlobalSection(ExtensibilityGlobals) = postSolution
		SolutionGuid = {EAD3BEC5-AF60-4F39-9CAA-2415318CA87B}
	EndGlobalSection
EndGlobal
